{
  "name": "csv.aok",
  "version": "1.0.0",
  "lockfileVersion": 1,
  "requires": true,
  "dependencies": {
    "csv.parser.js": {
      "version": "1.0.0",
      "resolved": "http://npm.dcjet.com.cn:10000/csv.parser.js/-/csv.parser.js-1.0.0.tgz",
      "integrity": "sha512-Lalb4f+1GBmjzvw85au8C7zwBlI4fO53qlf+cnmQKXTF3PMJeQlk3DYsDwmzlLU/Mh22pyatojNZMr5SE6ZjtQ==",
      "requires": {
        "jsonexport": "^3.0.0"
      }
    },
    "jsonexport": {
      "version": "3.0.0",
      "resolved": "http://npm.dcjet.com.cn:10000/jsonexport/-/jsonexport-3.0.0.tgz",
      "integrity": "sha1-3Hipy5NikU5kx29KbTfq9rfdjMM="
    },
    "lisa.orbit": {
      "version": "1.0.5",
      "resolved": "http://npm.dcjet.com.cn:10000/lisa.orbit/-/lisa.orbit-1.0.5.tgz",
      "integrity": "sha1-XrrDVDWOP64OFSHFqp7u+O4dx9s=",
      "requires": {
        "lisa.promise": "^1.1.0",
        "lisa.utils": "^2.2.0"
      }
    },
    "lisa.promise": {
      "version": "1.1.2",
      "resolved": "http://npm.dcjet.com.cn:10000/lisa.promise/-/lisa.promise-1.1.2.tgz",
      "integrity": "sha1-Vi3uCm/pSjE8Nr0f2/Yb35zYYt8=",
      "requires": {
        "promise-sequential": "^1.1.1"
      }
    },
    "lisa.sync": {
      "version": "1.2.1",
      "resolved": "http://npm.dcjet.com.cn:10000/lisa.sync/-/lisa.sync-1.2.1.tgz",
      "integrity": "sha512-fZ2AzzWz2q4OllaeAK4AxoxBSoFuHRr2ZMYIaEHm7jcQ5Wy/AEDiwidNnC/lZSsSMKKtTV1Bj8fJwEqmd4BSXg==",
      "requires": {
        "lisa.orbit": "^1.0.5",
        "lisa.utils": "^2.3.0"
      }
    },
    "lisa.sync.csvadapter": {
      "version": "1.0.1",
      "resolved": "http://npm.dcjet.com.cn:10000/lisa.sync.csvadapter/-/lisa.sync.csvadapter-1.0.1.tgz",
      "integrity": "sha512-kq2xm0lc75caiglhr6qd+QAXLs7+XZJEKEpJYkgmQCHEybEIXt2Q9TlO/ANcSXloypIep2NqLvd2AQ3CrCnXzQ==",
      "requires": {
        "csv.parser.js": "^1.0.0",
        "mkdirp": "^1.0.4"
      }
    },
    "lisa.utils": {
      "version": "2.4.0",
      "resolved": "http://npm.dcjet.com.cn:10000/lisa.utils/-/lisa.utils-2.4.0.tgz",
      "integrity": "sha1-ofQIflneeV8KAqAUOmZ8YC9C0BU="
    },
    "mkdirp": {
      "version": "1.0.4",
      "resolved": "http://npm.dcjet.com.cn:10000/mkdirp/-/mkdirp-1.0.4.tgz",
      "integrity": "sha1-PrXtYmInVteaXw4qIh3+utdcL34="
    },
    "promise-sequential": {
      "version": "1.1.1",
      "resolved": "http://npm.dcjet.com.cn:10000/promise-sequential/-/promise-sequential-1.1.1.tgz",
      "integrity": "sha1-956JUO+G56eoW/MgRSZDWS9tL7I="
    }
  }
}
